
Microsoft Visual Studio Solution File, Format Version 12.00
# Visual Studio Version 16
VisualStudioVersion = 16.0.30717.126
MinimumVisualStudioVersion = 10.0.40219.1
Project("{FAE04EC0-301F-11D3-BF4B-00C04F79EFBC}") = "Api_Empty", "Api_Empty\Api_Empty.csproj", "{626928B8-2EAD-4ED2-B47A-653DA35ABFE0}"
EndProject
Global
	GlobalSection(SolutionConfigurationPlatforms) = preSolution
		Debug|Any CPU = Debug|Any CPU
		Release|Any CPU = Release|Any CPU
	EndGlobalSection
	GlobalSection(ProjectConfigurationPlatforms) = postSolution
		{626928B8-2EAD-4ED2-B47A-653DA35ABFE0}.Debug|Any CPU.ActiveCfg = Debug|Any CPU
		{626928B8-2EAD-4ED2-B47A-653DA35ABFE0}.Debug|Any CPU.Build.0 = Debug|Any CPU
		{626928B8-2EAD-4ED2-B47A-653DA35ABFE0}.Release|Any CPU.ActiveCfg = Release|Any CPU
		{626928B8-2EAD-4ED2-B47A-653DA35ABFE0}.Release|Any CPU.Build.0 = Release|Any CPU
	EndGlobalSection
	GlobalSection(SolutionProperties) = preSolution
		HideSolutionNode = FALSE
	EndGlobalSection
	GlobalSection(ExtensibilityGlobals) = postSolution
		SolutionGuid = {071BCE26-02EF-4795-8A62-F2CC7C52AE32}
	EndGlobalSection
EndGlobal
